
Microsoft Visual Studio Solution File, Format Version 12.00
# Visual Studio Version 17
VisualStudioVersion = 17.6.33829.357
MinimumVisualStudioVersion = 10.0.40219.1
Project("{FAE04EC0-301F-11D3-BF4B-00C04F79EFBC}") = "LojaManoel", "LojaManoel.csproj", "{A7663991-C33D-42A8-80F1-BF54C2671CF7}"
EndProject
Project("{FAE04EC0-301F-11D3-BF4B-00C04F79EFBC}") = "Testes", "..\Testes\Testes.csproj", "{D59C4EE4-CEC8-4915-B4BB-01F07A0C972A}"
EndProject
Global
	GlobalSection(SolutionConfigurationPlatforms) = preSolution
		Debug|Any CPU = Debug|Any CPU
		Release|Any CPU = Release|Any CPU
	EndGlobalSection
	GlobalSection(ProjectConfigurationPlatforms) = postSolution
		{A7663991-C33D-42A8-80F1-BF54C2671CF7}.Debug|Any CPU.ActiveCfg = Debug|Any CPU
		{A7663991-C33D-42A8-80F1-BF54C2671CF7}.Debug|Any CPU.Build.0 = Debug|Any CPU
		{A7663991-C33D-42A8-80F1-BF54C2671CF7}.Release|Any CPU.ActiveCfg = Release|Any CPU
		{A7663991-C33D-42A8-80F1-BF54C2671CF7}.Release|Any CPU.Build.0 = Release|Any CPU
		{D59C4EE4-CEC8-4915-B4BB-01F07A0C972A}.Debug|Any CPU.ActiveCfg = Debug|Any CPU
		{D59C4EE4-CEC8-4915-B4BB-01F07A0C972A}.Debug|Any CPU.Build.0 = Debug|Any CPU
		{D59C4EE4-CEC8-4915-B4BB-01F07A0C972A}.Release|Any CPU.ActiveCfg = Release|Any CPU
		{D59C4EE4-CEC8-4915-B4BB-01F07A0C972A}.Release|Any CPU.Build.0 = Release|Any CPU
	EndGlobalSection
	GlobalSection(SolutionProperties) = preSolution
		HideSolutionNode = FALSE
	EndGlobalSection
	GlobalSection(ExtensibilityGlobals) = postSolution
		SolutionGuid = {24049517-3E76-4B4E-B946-E863866E99CA}
	EndGlobalSection
EndGlobal
